# This file is autogenerated, do not edit; changes may be undone by the next 'dep ensure'.


[[projects]]
  branch = "ACT-625-scanner-custom-errors"
  digest = "1:a0921d22827c79ad21fbe443623132344ac91ebddd4c4717a2429b107046ca4a"
  name = "github.com/bitrise-io/bitrise-init"
  packages = ["step"]
  pruneopts = "UT"
  revision = "791475392ae083e2c56679b4eb61bdec3e752fa9"

[[projects]]
  branch = "ACT-625-scanner-custom-error"
  digest = "1:c308a516c0cf52dbcea01d0e77330991fc32caaeca43803b6a6ac76c5a64c599"
  name = "github.com/bitrise-io/go-steputils"
  packages = [
    "stepconf",
    "tools",
  ]
  pruneopts = "UT"
  revision = "fc7d4866475c547103935489e341e124f4989f37"

[[projects]]
  branch = "master"
  digest = "1:132ae4166c8635a9c5beec1ed98b0ac492be808a0404047ad821b6ca3d5dc37d"
  name = "github.com/bitrise-io/go-utils"
  packages = [
    "colorstring",
    "command",
    "errorutil",
    "fileutil",
    "log",
    "parseutil",
    "pathutil",
    "pointers",
  ]
  pruneopts = "UT"
  revision = "0c47c16813a4209321c9d0dba2e75867d6901ff2"

[solve-meta]
  analyzer-name = "dep"
  analyzer-version = 1
  input-imports = [
    "github.com/bitrise-io/bitrise-init/step",
    "github.com/bitrise-io/go-steputils/stepconf",
    "github.com/bitrise-io/go-steputils/tools",
    "github.com/bitrise-io/go-utils/command",
    "github.com/bitrise-io/go-utils/fileutil",
    "github.com/bitrise-io/go-utils/log",
    "github.com/bitrise-io/go-utils/pathutil",
  ]
  solver-name = "gps-cdcl"
  solver-version = 1
